# This file is autogenerated, do not edit; changes may be undone by the next 'dep ensure'.


[[projects]]
  name = "git.aqq.me/go/app"
  packages = [
    ".",
    "appconf",
    "applog",
    "event",
    "launcher"
  ]
  revision = "61aec1566a26ed5b2fe22bf620e5b5fb9081894f"
  version = "v1.6.1"

[[projects]]
  name = "git.aqq.me/go/lrucache"
  packages = ["."]
  revision = "568b3e7eaaefa1c76169e37a7afac477a4be4c79"
  version = "v1.1"

[[projects]]
  name = "git.aqq.me/go/nanachi"
  packages = ["."]
  revision = "16c040447c6584a7ffdf3ed5d373bc3675992d97"
  version = "v1.10.2"

[[projects]]
  name = "git.aqq.me/go/retrier"
  packages = ["."]
  revision = "1b9d7fbb0434cb939eda412cdb5f850fb6fccaf0"
  version = "v1.10"

[[projects]]
  name = "github.com/BurntSushi/toml"
  packages = ["."]
  revision = "b26d9c308763d68093482582cea63d69be07a0f0"
  version = "v0.3.0"

[[projects]]
  name = "github.com/iph0/conf"
  packages = [
    ".",
    "envconf",
    "fileconf"
  ]
  revision = "c8135274101587ea808bd86ebb163939f978aa6b"
  version = "v1.3"

[[projects]]
  name = "github.com/iph0/merger"
  packages = ["."]
  revision = "dd60b5b79edb79eab1cdefd696464a3deeb6f790"
  version = "v1.0"

[[projects]]
  name = "github.com/json-iterator/go"
  packages = ["."]
  revision = "1624edc4454b8682399def8740d46db5e4362ba4"
  version = "v1.1.5"

[[projects]]
  name = "github.com/kak-tus/healthcheck"
  packages = ["."]
  revision = "e629063405d132806622154f9df3e40d08c1bcfd"
  version = "v0.4.0"

[[projects]]
  name = "github.com/kshvakov/clickhouse"
  packages = [
    ".",
    "lib/binary",
    "lib/column",
    "lib/data",
    "lib/protocol",
    "lib/types",
    "lib/writebuffer"
  ]
  revision = "aeedb7b9d0584f393905447021238b5c6e9c5154"
  version = "v1.3.4"

[[projects]]
  name = "github.com/mitchellh/mapstructure"
  packages = ["."]
  revision = "fa473d140ef3c6adf42d6b391fe76707f1f243c8"
  version = "v1.0.0"

[[projects]]
  name = "github.com/modern-go/concurrent"
  packages = ["."]
  revision = "bacd9c7ef1dd9b15be4a9909b8ac7a4e313eec94"
  version = "1.0.3"

[[projects]]
  name = "github.com/modern-go/reflect2"
  packages = ["."]
  revision = "4b7aa43c6742a2c18fdef89dd197aaae7dac7ccd"
  version = "1.0.1"

[[projects]]
  branch = "master"
  name = "github.com/streadway/amqp"
  packages = ["."]
  revision = "e5adc2ada8b8efff032bf61173a233d143e9318e"

[[projects]]
  name = "go.uber.org/atomic"
  packages = ["."]
  revision = "1ea20fb1cbb1cc08cbd0d913a96dead89aa18289"
  version = "v1.3.2"

[[projects]]
  name = "go.uber.org/multierr"
  packages = ["."]
  revision = "3c4937480c32f4c13a875a1829af76c98ca3d40a"
  version = "v1.1.0"

[[projects]]
  name = "go.uber.org/zap"
  packages = [
    ".",
    "buffer",
    "internal/bufferpool",
    "internal/color",
    "internal/exit",
    "zapcore"
  ]
  revision = "ff33455a0e382e8a81d14dd7c922020b6b5e7982"
  version = "v1.9.1"

[[projects]]
  name = "gopkg.in/yaml.v2"
  packages = ["."]
  revision = "5420a8b6744d3b0345ab293f6fcba19c978f1183"
  version = "v2.2.1"

[solve-meta]
  analyzer-name = "dep"
  analyzer-version = 1
  inputs-digest = "1490845937fc25637d2bf100dd998fcef64e636967cc6e5021feb0902ab6506d"
  solver-name = "gps-cdcl"
  solver-version = 1
